// !$*UTF8*$!
{
	archiveVersion = 1;
	classes = {
	};
	objectVersion = 110;
	objects = {

/* Begin PBXContainerItemProxy section */
		66243CC9305AEC6C00ACEC93 /* PBXContainerItemProxy */ = {
			isa = PBXContainerItemProxy;
			containerPortal = 66243CB3305AEC6B00ACEC93 /* Project object */;
			proxyType = 1;
			remoteGlobalIDString = 66243CBA305AEC6B00ACEC93;
			remoteInfo = Vaulthalla;
		};
		66243CD3305AEC6C00ACEC93 /* PBXContainerItemProxy */ = {
			isa = PBXContainerItemProxy;
			containerPortal = 66243CB3305AEC6B00ACEC93 /* Project object */;
			proxyType = 1;
			remoteGlobalIDString = 66243CBA305AEC6B00ACEC93;
			remoteInfo = Vaulthalla;
		};
/* End PBXContainerItemProxy section */

/* Begin PBXFileReference section */
		66243CBB305AEC6B00ACEC93 /* Vaulthalla.app */ = {isa = PBXFileReference; explicitFileType = wrapper.application; includeInIndex = 0; path = Vaulthalla.app; sourceTree = BUILT_PRODUCTS_DIR; };
		66243CC8305AEC6C00ACEC93 /* VaulthallaTests.xctest */ = {isa = PBXFileReference; explicitFileType = wrapper.cfbundle; includeInIndex = 0; path = VaulthallaTests.xctest; sourceTree = BUILT_PRODUCTS_DIR; };
		66243CD2305AEC6C00ACEC93 /* VaulthallaUITests.xctest */ = {isa = PBXFileReference; explicitFileType = wrapper.cfbundle; includeInIndex = 0; path = VaulthallaUITests.xctest; sourceTree = BUILT_PRODUCTS_DIR; };
/* End PBXFileReference section */

/* Begin PBXFileSystemSynchronizedBuildFileExceptionSet section */
		66243CF0305AF6EC00ACEC93 /* Exceptions for "Vaulthalla" folder in "Vaulthalla" target */ = {
			isa = PBXFileSystemSynchronizedBuildFileExceptionSet;
			membershipExceptions = (
				Info.plist,
			);
			target = 66243CBA305AEC6B00ACEC93 /* Vaulthalla */;
		};
/* End PBXFileSystemSynchronizedBuildFileExceptionSet section */

/* Begin PBXFileSystemSynchronizedRootGroup section */
		66243CBD305AEC6B00ACEC93 /* Vaulthalla */ = {
			isa = PBXFileSystemSynchronizedRootGroup;
			exceptions = (
				66243CF0305AF6EC00ACEC93 /* Exceptions for "Vaulthalla" folder in "Vaulthalla" target */,
			);
			path = Vaulthalla;
			sourceTree = "<group>";
		};
		66243CCB305AEC6C00ACEC93 /* VaulthallaTests */ = {
			isa = PBXFileSystemSynchronizedRootGroup;
			path = VaulthallaTests;
			sourceTree = "<group>";
		};
		66243CD5305AEC6C00ACEC93 /* VaulthallaUITests */ = {
			isa = PBXFileSystemSynchronizedRootGroup;
			path = VaulthallaUITests;
			sourceTree = "<group>";
		};
/* End PBXFileSystemSynchronizedRootGroup section */

/* Begin PBXFrameworksBuildPhase section */
		66243CB8305AEC6B00ACEC93 /* Frameworks */ = {
			isa = PBXFrameworksBuildPhase;
			files = (
			);
		};
		66243CC5305AEC6C00ACEC93 /* Frameworks */ = {
			isa = PBXFrameworksBuildPhase;
			files = (
			);
		};
		66243CCF305AEC6C00ACEC93 /* Frameworks */ = {
			isa = PBXFrameworksBuildPhase;
			files = (
			);
		};
/* End PBXFrameworksBuildPhase section */

/* Begin PBXGroup section */
		66243CB2305AEC6B00ACEC93 = {
			isa = PBXGroup;
			children = (
				66243CBD305AEC6B00ACEC93 /* Vaulthalla */,
				66243CCB305AEC6C00ACEC93 /* VaulthallaTests */,
				66243CD5305AEC6C00ACEC93 /* VaulthallaUITests */,
				66243CBC305AEC6B00ACEC93 /* Products */,
			);
			sourceTree = "<group>";
		};
		66243CBC305AEC6B00ACEC93 /* Products */ = {
			isa = PBXGroup;
			children = (
				66243CBB305AEC6B00ACEC93 /* Vaulthalla.app */,
				66243CC8305AEC6C00ACEC93 /* VaulthallaTests.xctest */,
				66243CD2305AEC6C00ACEC93 /* VaulthallaUITests.xctest */,
			);
			name = Products;
			sourceTree = "<group>";
		};
/* End PBXGroup section */

/* Begin PBXNativeTarget section */
		66243CBA305AEC6B00ACEC93 /* Vaulthalla */ = {
			isa = PBXNativeTarget;
			buildConfigurationList = 66243CDA305AEC6C00ACEC93 /* Build configuration list for PBXNativeTarget "Vaulthalla" */;
			buildPhases = (
				66243CB7305AEC6B00ACEC93 /* Sources */,
				66243CB8305AEC6B00ACEC93 /* Frameworks */,
				66243CB9305AEC6B00ACEC93 /* Resources */,
			);
			buildRules = (
			);
			fileSystemSynchronizedGroups = (
				66243CBD305AEC6B00ACEC93 /* Vaulthalla */,
			);
			name = Vaulthalla;
			productName = Vaulthalla;
			productReference = 66243CBB305AEC6B00ACEC93 /* Vaulthalla.app */;
			productType = "com.apple.product-type.application";
		};
		66243CC7305AEC6C00ACEC93 /* VaulthallaTests */ = {
			isa = PBXNativeTarget;
			buildConfigurationList = 66243CDD305AEC6C00ACEC93 /* Build configuration list for PBXNativeTarget "VaulthallaTests" */;
			buildPhases = (
				66243CC4305AEC6C00ACEC93 /* Sources */,
				66243CC5305AEC6C00ACEC93 /* Frameworks */,
				66243CC6305AEC6C00ACEC93 /* Resources */,
			);
			buildRules = (
			);
			dependencies = (
				66243CCA305AEC6C00ACEC93 /* PBXTargetDependency */,
			);
			fileSystemSynchronizedGroups = (
				66243CCB305AEC6C00ACEC93 /* VaulthallaTests */,
			);
			name = VaulthallaTests;
			productName = VaulthallaTests;
			productReference = 66243CC8305AEC6C00ACEC93 /* VaulthallaTests.xctest */;
			productType = "com.apple.product-type.bundle.unit-test";
		};
		66243CD1305AEC6C00ACEC93 /* VaulthallaUITests */ = {
			isa = PBXNativeTarget;
			buildConfigurationList = 66243CE0305AEC6C00ACEC93 /* Build configuration list for PBXNativeTarget "VaulthallaUITests" */;
			buildPhases = (
				66243CCE305AEC6C00ACEC93 /* Sources */,
				66243CCF305AEC6C00ACEC93 /* Frameworks */,
				66243CD0305AEC6C00ACEC93 /* Resources */,
			);
			buildRules = (
			);
			dependencies = (
				66243CD4305AEC6C00ACEC93 /* PBXTargetDependency */,
			);
			fileSystemSynchronizedGroups = (
				66243CD5305AEC6C00ACEC93 /* VaulthallaUITests */,
			);
			name = VaulthallaUITests;
			productName = VaulthallaUITests;
			productReference = 66243CD2305AEC6C00ACEC93 /* VaulthallaUITests.xctest */;
			productType = "com.apple.product-type.bundle.ui-testing";
		};
/* End PBXNativeTarget section */

/* Begin PBXProject section */
		66243CB3305AEC6B00ACEC93 /* Project object */ = {
			isa = PBXProject;
			attributes = {
				BuildIndependentTargetsInParallel = 1;
				LastSwiftUpdateCheck = 2700;
				LastUpgradeCheck = 2700;
				TargetAttributes = {
					66243CBA305AEC6B00ACEC93 = {
						CreatedOnToolsVersion = 27.0;
					};
					66243CC7305AEC6C00ACEC93 = {
						CreatedOnToolsVersion = 27.0;
						TestTargetID = 66243CBA305AEC6B00ACEC93;
					};
					66243CD1305AEC6C00ACEC93 = {
						CreatedOnToolsVersion = 27.0;
						TestTargetID = 66243CBA305AEC6B00ACEC93;
					};
				};
			};
			buildConfigurationList = 66243CB6305AEC6B00ACEC93 /* Build configuration list for PBXProject "Vaulthalla" */;
			developmentRegion = en;
			hasScannedForEncodings = 0;
			knownRegions = (
				en,
				Base,
			);
			mainGroup = 66243CB2305AEC6B00ACEC93;
			minimizedProjectReferenceProxies = 1;
			preferredProjectObjectVersion = 77;
			productRefGroup = 66243CBC305AEC6B00ACEC93 /* Products */;
			projectDirPath = "";
			projectRoot = "";
			targets = (
				66243CBA305AEC6B00ACEC93 /* Vaulthalla */,
				66243CC7305AEC6C00ACEC93 /* VaulthallaTests */,
				66243CD1305AEC6C00ACEC93 /* VaulthallaUITests */,
			);
		};
/* End PBXProject section */

/* Begin PBXResourcesBuildPhase section */
		66243CB9305AEC6B00ACEC93 /* Resources */ = {
			isa = PBXResourcesBuildPhase;
			files = (
			);
		};
		66243CC6305AEC6C00ACEC93 /* Resources */ = {
			isa = PBXResourcesBuildPhase;
			files = (
			);
		};
		66243CD0305AEC6C00ACEC93 /* Resources */ = {
			isa = PBXResourcesBuildPhase;
			files = (
			);
		};
/* End PBXResourcesBuildPhase section */

/* Begin PBXSourcesBuildPhase section */
		66243CB7305AEC6B00ACEC93 /* Sources */ = {
			isa = PBXSourcesBuildPhase;
			files = (
			);
		};
		66243CC4305AEC6C00ACEC93 /* Sources */ = {
			isa = PBXSourcesBuildPhase;
			files = (
			);
		};
		66243CCE305AEC6C00ACEC93 /* Sources */ = {
			isa = PBXSourcesBuildPhase;
			files = (
			);
		};
/* End PBXSourcesBuildPhase section */

/* Begin PBXTargetDependency section */
		66243CCA305AEC6C00ACEC93 /* PBXTargetDependency */ = {
			isa = PBXTargetDependency;
			target = 66243CBA305AEC6B00ACEC93 /* Vaulthalla */;
			targetProxy = 66243CC9305AEC6C00ACEC93 /* PBXContainerItemProxy */;
		};
		66243CD4305AEC6C00ACEC93 /* PBXTargetDependency */ = {
			isa = PBXTargetDependency;
			target = 66243CBA305AEC6B00ACEC93 /* Vaulthalla */;
			targetProxy = 66243CD3305AEC6C00ACEC93 /* PBXContainerItemProxy */;
		};
/* End PBXTargetDependency section */

/* Begin XCBuildConfiguration section */
		66243CD8305AEC6C00ACEC93 /* Debug configuration for PBXProject "Vaulthalla" */ = {
			isa = XCBuildConfiguration;
			buildSettings = {
				ALWAYS_SEARCH_USER_PATHS = NO;
				ASSETCATALOG_COMPILER_GENERATE_SWIFT_ASSET_SYMBOL_EXTENSIONS = YES;
				CLANG_ANALYZER_NONNULL = YES;
				CLANG_ANALYZER_NUMBER_OBJECT_CONVERSION = YES_AGGRESSIVE;
				CLANG_CXX_LANGUAGE_STANDARD = "gnu++20";
				CLANG_ENABLE_MODULES = YES;
				CLANG_ENABLE_OBJC_ARC = YES;
				CLANG_ENABLE_OBJC_WEAK = YES;
				CLANG_WARN_BLOCK_CAPTURE_AUTORELEASING = YES;
				CLANG_WARN_BOOL_CONVERSION = YES;
				CLANG_WARN_COMMA = YES;
				CLANG_WARN_CONSTANT_CONVERSION = YES;
				CLANG_WARN_DEPRECATED_OBJC_IMPLEMENTATIONS = YES;
				CLANG_WARN_DIRECT_OBJC_ISA_USAGE = YES_ERROR;
				CLANG_WARN_DOCUMENTATION_COMMENTS = YES;
				CLANG_WARN_EMPTY_BODY = YES;
				CLANG_WARN_ENUM_CONVERSION = YES;
				CLANG_WARN_INFINITE_RECURSION = YES;
				CLANG_WARN_INT_CONVERSION = YES;
				CLANG_WARN_NON_LITERAL_NULL_CONVERSION = YES;
				CLANG_WARN_OBJC_IMPLICIT_RETAIN_SELF = YES;
				CLANG_WARN_OBJC_LITERAL_CONVERSION = YES;
				CLANG_WARN_OBJC_ROOT_CLASS = YES_ERROR;
				CLANG_WARN_QUOTED_INCLUDE_IN_FRAMEWORK_HEADER = YES;
				CLANG_WARN_RANGE_LOOP_ANALYSIS = YES;
				CLANG_WARN_STRICT_PROTOTYPES = YES;
				CLANG_WARN_SUSPICIOUS_MOVE = YES;
				CLANG_WARN_UNGUARDED_AVAILABILITY = YES_AGGRESSIVE;
				CLANG_WARN_UNREACHABLE_CODE = YES;
				CLANG_WARN__DUPLICATE_METHOD_MATCH = YES;
				COPY_PHASE_STRIP = NO;
				DEBUG_INFORMATION_FORMAT = dwarf;
				DEVELOPMENT_TEAM = CR2B4PC7Y9;
				ENABLE_STRICT_OBJC_MSGSEND = YES;
				ENABLE_TESTABILITY = YES;
				ENABLE_USER_SCRIPT_SANDBOXING = YES;
				GCC_C_LANGUAGE_STANDARD = gnu17;
				GCC_DYNAMIC_NO_PIC = NO;
				GCC_NO_COMMON_BLOCKS = YES;
				GCC_OPTIMIZATION_LEVEL = 0;
				GCC_PREPROCESSOR_DEFINITIONS = (
					"DEBUG=1",
					"$(inherited)",
				);
				GCC_WARN_64_TO_32_BIT_CONVERSION = YES;
				GCC_WARN_ABOUT_RETURN_TYPE = YES_ERROR;
				GCC_WARN_UNDECLARED_SELECTOR = YES;
				GCC_WARN_UNINITIALIZED_AUTOS = YES_AGGRESSIVE;
				GCC_WARN_UNUSED_FUNCTION = YES;
				GCC_WARN_UNUSED_VARIABLE = YES;
				IPHONEOS_DEPLOYMENT_TARGET = 26.0;
				LOCALIZATION_PREFERS_STRING_CATALOGS = YES;
				MTL_ENABLE_DEBUG_INFO = INCLUDE_SOURCE;
				MTL_FAST_MATH = YES;
				ONLY_ACTIVE_ARCH = YES;
				SDKROOT = iphoneos;
				SWIFT_ACTIVE_COMPILATION_CONDITIONS = "DEBUG $(inherited)";
				SWIFT_OPTIMIZATION_LEVEL = "-Onone";
			};
			name = Debug;
		};
		66243CD9305AEC6C00ACEC93 /* Release configuration for PBXProject "Vaulthalla" */ = {
			isa = XCBuildConfiguration;
			buildSettings = {
				ALWAYS_SEARCH_USER_PATHS = NO;
				ASSETCATALOG_COMPILER_GENERATE_SWIFT_ASSET_SYMBOL_EXTENSIONS = YES;
				CLANG_ANALYZER_NONNULL = YES;
				CLANG_ANALYZER_NUMBER_OBJECT_CONVERSION = YES_AGGRESSIVE;
				CLANG_CXX_LANGUAGE_STANDARD = "gnu++20";
				CLANG_ENABLE_MODULES = YES;
				CLANG_ENABLE_OBJC_ARC = YES;
				CLANG_ENABLE_OBJC_WEAK = YES;
				CLANG_WARN_BLOCK_CAPTURE_AUTORELEASING = YES;
				CLANG_WARN_BOOL_CONVERSION = YES;
				CLANG_WARN_COMMA = YES;
				CLANG_WARN_CONSTANT_CONVERSION = YES;
				CLANG_WARN_DEPRECATED_OBJC_IMPLEMENTATIONS = YES;
				CLANG_WARN_DIRECT_OBJC_ISA_USAGE = YES_ERROR;
				CLANG_WARN_DOCUMENTATION_COMMENTS = YES;
				CLANG_WARN_EMPTY_BODY = YES;
				CLANG_WARN_ENUM_CONVERSION = YES;
				CLANG_WARN_INFINITE_RECURSION = YES;
				CLANG_WARN_INT_CONVERSION = YES;
				CLANG_WARN_NON_LITERAL_NULL_CONVERSION = YES;
				CLANG_WARN_OBJC_IMPLICIT_RETAIN_SELF = YES;
				CLANG_WARN_OBJC_LITERAL_CONVERSION = YES;
				CLANG_WARN_OBJC_ROOT_CLASS = YES_ERROR;
				CLANG_WARN_QUOTED_INCLUDE_IN_FRAMEWORK_HEADER = YES;
				CLANG_WARN_RANGE_LOOP_ANALYSIS = YES;
				CLANG_WARN_STRICT_PROTOTYPES = YES;
				CLANG_WARN_SUSPICIOUS_MOVE = YES;
				CLANG_WARN_UNGUARDED_AVAILABILITY = YES_AGGRESSIVE;
				CLANG_WARN_UNREACHABLE_CODE = YES;
				CLANG_WARN__DUPLICATE_METHOD_MATCH = YES;
				COPY_PHASE_STRIP = NO;
				DEBUG_INFORMATION_FORMAT = "dwarf-with-dsym";
				DEVELOPMENT_TEAM = CR2B4PC7Y9;
				ENABLE_NS_ASSERTIONS = NO;
				ENABLE_STRICT_OBJC_MSGSEND = YES;
				ENABLE_USER_SCRIPT_SANDBOXING = YES;
				GCC_C_LANGUAGE_STANDARD = gnu17;
				GCC_NO_COMMON_BLOCKS = YES;
				GCC_WARN_64_TO_32_BIT_CONVERSION = YES;
				GCC_WARN_ABOUT_RETURN_TYPE = YES_ERROR;
				GCC_WARN_UNDECLARED_SELECTOR = YES;
				GCC_WARN_UNINITIALIZED_AUTOS = YES_AGGRESSIVE;
				GCC_WARN_UNUSED_FUNCTION = YES;
				GCC_WARN_UNUSED_VARIABLE = YES;
				IPHONEOS_DEPLOYMENT_TARGET = 26.0;
				LOCALIZATION_PREFERS_STRING_CATALOGS = YES;
				MTL_ENABLE_DEBUG_INFO = NO;
				MTL_FAST_MATH = YES;
				SDKROOT = iphoneos;
				SWIFT_COMPILATION_MODE = wholemodule;
				VALIDATE_PRODUCT = YES;
			};
			name = Release;
		};
		66243CDB305AEC6C00ACEC93 /* Debug configuration for PBXNativeTarget "Vaulthalla" */ = {
			isa = XCBuildConfiguration;
			buildSettings = {
				ASSETCATALOG_COMPILER_APPICON_NAME = AppIcon;
				ASSETCATALOG_COMPILER_GLOBAL_ACCENT_COLOR_NAME = AccentColor;
				CODE_SIGN_STYLE = Automatic;
				CURRENT_PROJECT_VERSION = 1;
				DEVELOPMENT_TEAM = CR2B4PC7Y9;
				ENABLE_PREVIEWS = YES;
				GENERATE_INFOPLIST_FILE = YES;
				INFOPLIST_FILE = Vaulthalla/Info.plist;
				INFOPLIST_KEY_LSSupportsOpeningDocumentsInPlace = NO;
				INFOPLIST_KEY_NSFaceIDUsageDescription = "Use Face ID only as an optional convenience unlock for your device-bound Vaulthalla vault.";
				INFOPLIST_KEY_NSLocalNetworkUsageDescription = "Vaulthalla uses your local network only when you explicitly start Web Import to transfer files into this vault.";
				INFOPLIST_KEY_NSPhotoLibraryUsageDescription = "Vaulthalla reads only the photos you select so it can encrypt them into your private vault. Nothing ever leaves this device.";
				INFOPLIST_KEY_UIApplicationSceneManifest_Generation = YES;
				INFOPLIST_KEY_UIApplicationSupportsIndirectInputEvents = YES;
				INFOPLIST_KEY_UILaunchScreen_Generation = YES;
				INFOPLIST_KEY_UISupportedInterfaceOrientations_iPad = "UIInterfaceOrientationPortrait UIInterfaceOrientationPortraitUpsideDown UIInterfaceOrientationLandscapeLeft UIInterfaceOrientationLandscapeRight";
				INFOPLIST_KEY_UISupportedInterfaceOrientations_iPhone = "UIInterfaceOrientationPortrait UIInterfaceOrientationLandscapeLeft UIInterfaceOrientationLandscapeRight";
				LD_RUNPATH_SEARCH_PATHS = (
					"$(inherited)",
					"@executable_path/Frameworks",
				);
				MARKETING_VERSION = 1.0;
				PRODUCT_BUNDLE_IDENTIFIER = io.sobaka.vaulthalla;
				PRODUCT_NAME = "$(TARGET_NAME)";
				STRING_CATALOG_GENERATE_SYMBOLS = YES;
				SWIFT_APPROACHABLE_CONCURRENCY = YES;
				SWIFT_DEFAULT_ACTOR_ISOLATION = MainActor;
				SWIFT_EMIT_LOC_STRINGS = YES;
				SWIFT_UPCOMING_FEATURE_MEMBER_IMPORT_VISIBILITY = YES;
				SWIFT_VERSION = 5.0;
				TARGETED_DEVICE_FAMILY = "1,2";
			};
			name = Debug;
		};
		66243CDC305AEC6C00ACEC93 /* Release configuration for PBXNativeTarget "Vaulthalla" */ = {
			isa = XCBuildConfiguration;
			buildSettings = {
				ASSETCATALOG_COMPILER_APPICON_NAME = AppIcon;
				ASSETCATALOG_COMPILER_GLOBAL_ACCENT_COLOR_NAME = AccentColor;
				CODE_SIGN_STYLE = Automatic;
				CURRENT_PROJECT_VERSION = 1;
				DEVELOPMENT_TEAM = CR2B4PC7Y9;
				ENABLE_PREVIEWS = YES;
				GENERATE_INFOPLIST_FILE = YES;
				INFOPLIST_FILE = Vaulthalla/Info.plist;
				INFOPLIST_KEY_LSSupportsOpeningDocumentsInPlace = NO;
				INFOPLIST_KEY_NSFaceIDUsageDescription = "Use Face ID only as an optional convenience unlock for your device-bound Vaulthalla vault.";
				INFOPLIST_KEY_NSLocalNetworkUsageDescription = "Vaulthalla uses your local network only when you explicitly start Web Import to transfer files into this vault.";
				INFOPLIST_KEY_NSPhotoLibraryUsageDescription = "Vaulthalla reads only the photos you select so it can encrypt them into your private vault. Nothing ever leaves this device.";
				INFOPLIST_KEY_UIApplicationSceneManifest_Generation = YES;
				INFOPLIST_KEY_UIApplicationSupportsIndirectInputEvents = YES;
				INFOPLIST_KEY_UILaunchScreen_Generation = YES;
				INFOPLIST_KEY_UISupportedInterfaceOrientations_iPad = "UIInterfaceOrientationPortrait UIInterfaceOrientationPortraitUpsideDown UIInterfaceOrientationLandscapeLeft UIInterfaceOrientationLandscapeRight";
				INFOPLIST_KEY_UISupportedInterfaceOrientations_iPhone = "UIInterfaceOrientationPortrait UIInterfaceOrientationLandscapeLeft UIInterfaceOrientationLandscapeRight";
				LD_RUNPATH_SEARCH_PATHS = (
					"$(inherited)",
					"@executable_path/Frameworks",
				);
				MARKETING_VERSION = 1.0;
				PRODUCT_BUNDLE_IDENTIFIER = io.sobaka.vaulthalla;
				PRODUCT_NAME = "$(TARGET_NAME)";
				STRING_CATALOG_GENERATE_SYMBOLS = YES;
				SWIFT_APPROACHABLE_CONCURRENCY = YES;
				SWIFT_DEFAULT_ACTOR_ISOLATION = MainActor;
				SWIFT_EMIT_LOC_STRINGS = YES;
				SWIFT_UPCOMING_FEATURE_MEMBER_IMPORT_VISIBILITY = YES;
				SWIFT_VERSION = 5.0;
				TARGETED_DEVICE_FAMILY = "1,2";
			};
			name = Release;
		};
		66243CDE305AEC6C00ACEC93 /* Debug configuration for PBXNativeTarget "VaulthallaTests" */ = {
			isa = XCBuildConfiguration;
			buildSettings = {
				BUNDLE_LOADER = "$(TEST_HOST)";
				CODE_SIGN_STYLE = Automatic;
				CURRENT_PROJECT_VERSION = 1;
				DEVELOPMENT_TEAM = CR2B4PC7Y9;
				GENERATE_INFOPLIST_FILE = YES;
				IPHONEOS_DEPLOYMENT_TARGET = 26.0;
				MARKETING_VERSION = 1.0;
				PRODUCT_BUNDLE_IDENTIFIER = io.sobaka.VaulthallaTests;
				PRODUCT_NAME = "$(TARGET_NAME)";
				STRING_CATALOG_GENERATE_SYMBOLS = NO;
				SWIFT_APPROACHABLE_CONCURRENCY = YES;
				SWIFT_EMIT_LOC_STRINGS = NO;
				SWIFT_UPCOMING_FEATURE_MEMBER_IMPORT_VISIBILITY = YES;
				SWIFT_VERSION = 5.0;
				TARGETED_DEVICE_FAMILY = "1,2";
				TEST_HOST = "$(BUILT_PRODUCTS_DIR)/Vaulthalla.app/$(BUNDLE_EXECUTABLE_FOLDER_PATH)/Vaulthalla";
			};
			name = Debug;
		};
		66243CDF305AEC6C00ACEC93 /* Release configuration for PBXNativeTarget "VaulthallaTests" */ = {
			isa = XCBuildConfiguration;
			buildSettings = {
				BUNDLE_LOADER = "$(TEST_HOST)";
				CODE_SIGN_STYLE = Automatic;
				CURRENT_PROJECT_VERSION = 1;
				DEVELOPMENT_TEAM = CR2B4PC7Y9;
				GENERATE_INFOPLIST_FILE = YES;
				IPHONEOS_DEPLOYMENT_TARGET = 26.0;
				MARKETING_VERSION = 1.0;
				PRODUCT_BUNDLE_IDENTIFIER = io.sobaka.VaulthallaTests;
				PRODUCT_NAME = "$(TARGET_NAME)";
				STRING_CATALOG_GENERATE_SYMBOLS = NO;
				SWIFT_APPROACHABLE_CONCURRENCY = YES;
				SWIFT_EMIT_LOC_STRINGS = NO;
				SWIFT_UPCOMING_FEATURE_MEMBER_IMPORT_VISIBILITY = YES;
				SWIFT_VERSION = 5.0;
				TARGETED_DEVICE_FAMILY = "1,2";
				TEST_HOST = "$(BUILT_PRODUCTS_DIR)/Vaulthalla.app/$(BUNDLE_EXECUTABLE_FOLDER_PATH)/Vaulthalla";
			};
			name = Release;
		};
		66243CE1305AEC6C00ACEC93 /* Debug configuration for PBXNativeTarget "VaulthallaUITests" */ = {
			isa = XCBuildConfiguration;
			buildSettings = {
				CODE_SIGN_STYLE = Automatic;
				CURRENT_PROJECT_VERSION = 1;
				DEVELOPMENT_TEAM = CR2B4PC7Y9;
				GENERATE_INFOPLIST_FILE = YES;
				MARKETING_VERSION = 1.0;
				PRODUCT_BUNDLE_IDENTIFIER = io.sobaka.VaulthallaUITests;
				PRODUCT_NAME = "$(TARGET_NAME)";
				STRING_CATALOG_GENERATE_SYMBOLS = NO;
				SWIFT_APPROACHABLE_CONCURRENCY = YES;
				SWIFT_EMIT_LOC_STRINGS = NO;
				SWIFT_UPCOMING_FEATURE_MEMBER_IMPORT_VISIBILITY = YES;
				SWIFT_VERSION = 5.0;
				TARGETED_DEVICE_FAMILY = "1,2";
				TEST_TARGET_NAME = Vaulthalla;
			};
			name = Debug;
		};
		66243CE2305AEC6C00ACEC93 /* Release configuration for PBXNativeTarget "VaulthallaUITests" */ = {
			isa = XCBuildConfiguration;
			buildSettings = {
				CODE_SIGN_STYLE = Automatic;
				CURRENT_PROJECT_VERSION = 1;
				DEVELOPMENT_TEAM = CR2B4PC7Y9;
				GENERATE_INFOPLIST_FILE = YES;
				MARKETING_VERSION = 1.0;
				PRODUCT_BUNDLE_IDENTIFIER = io.sobaka.VaulthallaUITests;
				PRODUCT_NAME = "$(TARGET_NAME)";
				STRING_CATALOG_GENERATE_SYMBOLS = NO;
				SWIFT_APPROACHABLE_CONCURRENCY = YES;
				SWIFT_EMIT_LOC_STRINGS = NO;
				SWIFT_UPCOMING_FEATURE_MEMBER_IMPORT_VISIBILITY = YES;
				SWIFT_VERSION = 5.0;
				TARGETED_DEVICE_FAMILY = "1,2";
				TEST_TARGET_NAME = Vaulthalla;
			};
			name = Release;
		};
/* End XCBuildConfiguration section */

/* Begin XCConfigurationList section */
		66243CB6305AEC6B00ACEC93 /* Build configuration list for PBXProject "Vaulthalla" */ = {
			isa = XCConfigurationList;
			buildConfigurations = (
				66243CD8305AEC6C00ACEC93 /* Debug configuration for PBXProject "Vaulthalla" */,
				66243CD9305AEC6C00ACEC93 /* Release configuration for PBXProject "Vaulthalla" */,
			);
			defaultConfigurationName = Release;
		};
		66243CDA305AEC6C00ACEC93 /* Build configuration list for PBXNativeTarget "Vaulthalla" */ = {
			isa = XCConfigurationList;
			buildConfigurations = (
				66243CDB305AEC6C00ACEC93 /* Debug configuration for PBXNativeTarget "Vaulthalla" */,
				66243CDC305AEC6C00ACEC93 /* Release configuration for PBXNativeTarget "Vaulthalla" */,
			);
			defaultConfigurationName = Release;
		};
		66243CDD305AEC6C00ACEC93 /* Build configuration list for PBXNativeTarget "VaulthallaTests" */ = {
			isa = XCConfigurationList;
			buildConfigurations = (
				66243CDE305AEC6C00ACEC93 /* Debug configuration for PBXNativeTarget "VaulthallaTests" */,
				66243CDF305AEC6C00ACEC93 /* Release configuration for PBXNativeTarget "VaulthallaTests" */,
			);
			defaultConfigurationName = Release;
		};
		66243CE0305AEC6C00ACEC93 /* Build configuration list for PBXNativeTarget "VaulthallaUITests" */ = {
			isa = XCConfigurationList;
			buildConfigurations = (
				66243CE1305AEC6C00ACEC93 /* Debug configuration for PBXNativeTarget "VaulthallaUITests" */,
				66243CE2305AEC6C00ACEC93 /* Release configuration for PBXNativeTarget "VaulthallaUITests" */,
			);
			defaultConfigurationName = Release;
		};
/* End XCConfigurationList section */
	};
	rootObject = 66243CB3305AEC6B00ACEC93 /* Project object */;
	validationLevel = 1;
}
